
Microsoft Visual Studio Solution File, Format Version 12.00
# Visual Studio 15
VisualStudioVersion = 15.0.27428.2005
MinimumVisualStudioVersion = 10.0.40219.1
Project("{FAE04EC0-301F-11D3-BF4B-00C04F79EFBC}") = "Task_1_Backend", "Task_1_Backend\Task_1_Backend.csproj", "{781BC606-97F1-4114-A53A-0E2E3C3C68A2}"
EndProject
Global
	GlobalSection(SolutionConfigurationPlatforms) = preSolution
		Debug|Any CPU = Debug|Any CPU
		Release|Any CPU = Release|Any CPU
	EndGlobalSection
	GlobalSection(ProjectConfigurationPlatforms) = postSolution
		{781BC606-97F1-4114-A53A-0E2E3C3C68A2}.Debug|Any CPU.ActiveCfg = Debug|Any CPU
		{781BC606-97F1-4114-A53A-0E2E3C3C68A2}.Debug|Any CPU.Build.0 = Debug|Any CPU
		{781BC606-97F1-4114-A53A-0E2E3C3C68A2}.Release|Any CPU.ActiveCfg = Release|Any CPU
		{781BC606-97F1-4114-A53A-0E2E3C3C68A2}.Release|Any CPU.Build.0 = Release|Any CPU
	EndGlobalSection
	GlobalSection(SolutionProperties) = preSolution
		HideSolutionNode = FALSE
	EndGlobalSection
	GlobalSection(ExtensibilityGlobals) = postSolution
		SolutionGuid = {81503626-CA11-4C17-A53B-B6E9AB584027}
	EndGlobalSection
EndGlobal
